version = 1
requires-python = ">=3.12"

[[package]]
name = "bitarray"
version = "3.6.1"
source = { registry = "https://pypi.org/simple" }
sdist = { url = "https://files.pythonhosted.org/packages/1b/76/b08705dbfabc4169eab93bba4a10b0ad60940f48cc8a62ff16e2a05f0452/bitarray-3.6.1.tar.gz", hash = "sha256:4255bff37b01562b8e6adcf9db256029765985b0790c5ff76bbe1837edcd53ea", size = 148620 }
wheels = [
    { url = "https://files.pythonhosted.org/packages/e6/80/2a8514df92257d54cded7733aebeade6b594d551c0fb16746d4564fb1303/bitarray-3.6.1-cp312-cp312-macosx_10_13_x86_64.whl", hash = "sha256:a236fc1e87a70adb588b37b09b18add71224279d28140d9ee847778e1f3f5a1a", size = 145778 },
    { url = "https://files.pythonhosted.org/packages/c0/f8/a14a3deecb3580da1ae208ea32567a6581ebf6944c93c6c7f381fda08060/bitarray-3.6.1-cp312-cp312-macosx_11_0_arm64.whl", hash = "sha256:d5cf59d8f1ee8332f60e7352464209db1de909ae960d3b1f9d76897e484aa4ed", size = 142496 },
    { url = "https://files.pythonhosted.org/packages/21/50/ae0e1cb8c1633372ad493b9a11bc0c66108c219e6bea5519d5119e28ec3e/bitarray-3.6.1-cp312-cp312-manylinux_2_17_aarch64.manylinux2014_aarch64.whl", hash = "sha256:38ce28427eea22bafcef073768d7e14d14233ced3eea8505ee13b92fb3723bce", size = 328326 },
    { url = "https://files.pythonhosted.org/packages/f7/8b/4e196ea39ef05affc1591d09097c14d750b6a5b226973bdf4bfe761b08b3/bitarray-3.6.1-cp312-cp312-manylinux_2_17_ppc64le.manylinux2014_ppc64le.whl", hash = "sha256:e92011003d87e224e101533a98ede388bb40de0ec65978c6d0bb0d98f949f1b8", size = 346514 },
    { url = "https://files.pythonhosted.org/packages/31/78/23c7c3fead7e7de36c4c7ed1ed3db105d6e293775cda6943b43e24e54fe3/bitarray-3.6.1-cp312-cp312-manylinux_2_17_s390x.manylinux2014_s390x.whl", hash = "sha256:f378316f45ffcec4ed429cf2ef446c8a3d7afe29e5020eb51ed789e443f4359f", size = 339657 },
    { url = "https://files.pythonhosted.org/packages/24/44/f811e87fc5d937955502b5e5124e2a81315d577e9ff200ab568c8cd0bde6/bitarray-3.6.1-cp312-cp312-manylinux_2_17_x86_64.manylinux2014_x86_64.whl", hash = "sha256:b12c11894d991dfaa415229329452e8be2b230e06fba2aff27110158e2f0dafd", size = 331357 },
    { url = "https://files.pythonhosted.org/packages/b4/08/e8250cba930c59c37786795b5cad2bef9772f7d9b6f68d21a474500b7e22/bitarray-3.6.1-cp312-cp312-manylinux_2_5_i686.manylinux1_i686.manylinux_2_17_i686.manylinux2014_i686.whl", hash = "sha256:7f53d6a0ac86d67b6760530196963ea0598588c1a9b155f7e137d9b6a1befd27", size = 319921 },
    { url = "https://files.pythonhosted.org/packages/38/1f/bfedc526e3c512663062402ab2dcc4993eb73292aadac8c2cdaf06425135/bitarray-3.6.1-cp312-cp312-musllinux_1_2_aarch64.whl", hash = "sha256:4b17029647fd990ce6fd3f1fb253ff47bfc27df8255bea99b5e381b2030b6d54", size = 321237 },
    { url = "https://files.pythonhosted.org/packages/15/bb/e813631a61d54c6d6662e6adfc2ab42596413b46c05d607ad66f2cd0c7e3/bitarray-3.6.1-cp312-cp312-musllinux_1_2_i686.whl", hash = "sha256:36cd656877eb3d215ecbb575743d05c521911514985b2a0999a23bb504a8ae64", size = 317839 },
    { url = "https://files.pythonhosted.org/packages/64/5d/548a375c81d3b366cc76ee611cbebb267ef6e5e33cc58461628e68ff65d8/bitarray-3.6.1-cp312-cp312-musllinux_1_2_ppc64le.whl", hash = "sha256:ac29a0cda5ea50c78ff20d06d8c5b8402147448a9dde2b118ecea2b4cec490ec", size = 345106 },
    { url = "https://files.pythonhosted.org/packages/6d/7d/7ffeab0566d798a6a4652b0fe16126611446863ede12873309e23b3e1978/bitarray-3.6.1-cp312-cp312-musllinux_1_2_s390x.whl", hash = "sha256:8dceb8d43fe51b8643766152736ec0f32f0a6a5b6e2e6742f1165cbe5799102e", size = 346469 },
    { url = "https://files.pythonhosted.org/packages/92/47/f5fb907c9c8ea9c0376792152e7c511ae95a0140f54562f6a49c66a30094/bitarray-3.6.1-cp312-cp312-musllinux_1_2_x86_64.whl", hash = "sha256:137bfb9c00c172c16ddabe8615a4746e745789cfedb0e7c5b25236a20ccf051c", size = 327378 },
    { url = "https://files.pythonhosted.org/packages/f3/fb/3203d199f9cba9595227afefc614c5390b1babb9d73df0df78d50b88f053/bitarray-3.6.1-cp312-cp312-win32.whl", hash = "sha256:aba6043eb44b68055145c5ae2062f976c02ec0b04ff688ee5b43deda8185b708", size = 138827 },
    { url = "https://files.pythonhosted.org/packages/60/95/cd3e4a4e783ff8d0f54ae3bc8fc26e077333d2eebe917f6ee7886c9004e8/bitarray-3.6.1-cp312-cp312-win_amd64.whl", hash = "sha256:64a3a8c79468bd5283907f2e60651c857f0dab3dc671943bcf5ec2d15e2f8177", size = 145639 },
    { url = "https://files.pythonhosted.org/packages/42/91/4ec54801707f8c205a0f80ada04c8a3be982fc974e4f76405ac250b3021c/bitarray-3.6.1-cp313-cp313-macosx_10_13_x86_64.whl", hash = "sha256:639fc29267348a78b259fb24c471b7e3322c85f1eb95712bac852ab2a56e742a", size = 145768 },
    { url = "https://files.pythonhosted.org/packages/01/13/d79d0db69933b826235168619c13ee3ec1ca6fba63e6833616230675b10e/bitarray-3.6.1-cp313-cp313-macosx_11_0_arm64.whl", hash = "sha256:357f6c07cb3116a2d4a917fd4f54727f1b71102f5e316c2d4c9fe26ec3dfd8e9", size = 142488 },
    { url = "https://files.pythonhosted.org/packages/f2/9f/8e11d5082f062ca530de0d2e04a5b5a63be0dd08ac34aa85055cf179a878/bitarray-3.6.1-cp313-cp313-manylinux_2_17_aarch64.manylinux2014_aarch64.whl", hash = "sha256:384eee34bdb4ea52517421cac778d4a881652cd7a5a052bd0939adbca9a6b7d6", size = 328276 },
    { url = "https://files.pythonhosted.org/packages/4f/a0/176423287161375c018ac90231425a1134e8c7133d41a82d1d1ace10c86b/bitarray-3.6.1-cp313-cp313-manylinux_2_17_ppc64le.manylinux2014_ppc64le.whl", hash = "sha256:25cc576ac013b33e69b8123dd7eca78af80100f1a10174e5a30e174ad31f715a", size = 346324 },
    { url = "https://files.pythonhosted.org/packages/88/3c/e13f8a434875b6c1636bd58a41191310411cbff0b5d28848795eb4119e43/bitarray-3.6.1-cp313-cp313-manylinux_2_17_s390x.manylinux2014_s390x.whl", hash = "sha256:84951ce773cbe69e4e15ae27bf6617f08ef2415ad37e1114a2d7979e210bf9e5", size = 339595 },
    { url = "https://files.pythonhosted.org/packages/c9/a4/118035f807d9396a4b9b339f5ac3db896a162c2e6b0fe8750fc1dcf700e4/bitarray-3.6.1-cp313-cp313-manylinux_2_17_x86_64.manylinux2014_x86_64.whl", hash = "sha256:c277f6a1cbfdedcec704add6ff2ace89b56a29c1955f2441a7fd2fbde410f791", size = 331233 },
    { url = "https://files.pythonhosted.org/packages/b8/8e/27e500b61a02c74173bb62760a079c1968b0e87394577197bc43f7380006/bitarray-3.6.1-cp313-cp313-manylinux_2_5_i686.manylinux1_i686.manylinux_2_17_i686.manylinux2014_i686.whl", hash = "sha256:c8d8f78bf8bebac391867a7637008ffa68f4870d9ee8154c836745ff237cfa98", size = 319819 },
    { url = "https://files.pythonhosted.org/packages/d4/bb/b33eb1dd2577d956dd23e58b387b3d740b0083899c0575cea82302705804/bitarray-3.6.1-cp313-cp313-musllinux_1_2_aarch64.whl", hash = "sha256:9b263a460b4ea6a7ebbe450593928651fa81fa3a1426732ff6ea52bb4b210d6c", size = 321232 },
    { url = "https://files.pythonhosted.org/packages/cf/ab/843caf3a536be1034a357423067b244d23dee9d6bcab7fb8e20744bed0e2/bitarray-3.6.1-cp313-cp313-musllinux_1_2_i686.whl", hash = "sha256:2a2f08fa831bafb42903231c23df5c597d2cc47fabb2532659180a54386dc49a", size = 317863 },
    { url = "https://files.pythonhosted.org/packages/83/01/11f9dc356bb33155a756a24d90d8a2b74bf8df52fe7bbc805fe06f72ae21/bitarray-3.6.1-cp313-cp313-musllinux_1_2_ppc64le.whl", hash = "sha256:43d2244aa721dc92713a72695d43dd2a75b920338c9f34da50133d05e23c9ff3", size = 345115 },
    { url = "https://files.pythonhosted.org/packages/7a/fe/6e0ae1bbfad42bc2b106cd1687fd6b4b190a69252c46b0274caf490a9381/bitarray-3.6.1-cp313-cp313-musllinux_1_2_s390x.whl", hash = "sha256:298a0f4442edb98695040009e9d411f221b33cc8d3b749a00d9813a69c047fc1", size = 346439 },
    { url = "https://files.pythonhosted.org/packages/93/6a/f85a26763c272e65b3f4a42f7ed1623d07f7b1237d4d5a14caf90e0b7286/bitarray-3.6.1-cp313-cp313-musllinux_1_2_x86_64.whl", hash = "sha256:7f16d704c40bd3db661005819daa818c4f5f82823d29491d6744dfc7ff3d6b4a", size = 327316 },
    { url = "https://files.pythonhosted.org/packages/b1/29/c3886af0e5ccface7dfada61feb87d3e42967cf88d040331dbcb8b3d437f/bitarray-3.6.1-cp313-cp313-win32.whl", hash = "sha256:a2120ce67c0d0047564c5af1afdd7d03688c2d7109e21ce699742366934c658f", size = 138842 },
    { url = "https://files.pythonhosted.org/packages/4b/2b/9257924827af9c59c71644fd7021dd18e431e4c6f07faed9e92b247a010e/bitarray-3.6.1-cp313-cp313-win_amd64.whl", hash = "sha256:e3361f1c9e537925284d1f37447a3aad5f5dc1c741cec2ebc078250232d939af", size = 145641 },
]

[[package]]
name = "bitstring"
version = "4.3.1"
source = { registry = "https://pypi.org/simple" }
dependencies = [
    { name = "bitarray" },
]
sdist = { url = "https://files.pythonhosted.org/packages/15/a8/a80c890db75d5bdd5314b5de02c4144c7de94fd0cefcae51acaeb14c6a3f/bitstring-4.3.1.tar.gz", hash = "sha256:a08bc09d3857216d4c0f412a1611056f1cc2b64fd254fb1e8a0afba7cfa1a95a", size = 251426 }
wheels = [
    { url = "https://files.pythonhosted.org/packages/75/2d/174566b533755ddf8efb32a5503af61c756a983de379f8ad3aed6a982d38/bitstring-4.3.1-py3-none-any.whl", hash = "sha256:69d1587f0ac18dc7d93fc7e80d5f447161a33e57027e726dc18a0a8bacf1711a", size = 71930 },
]

[[package]]
name = "cffi"
version = "1.17.1"
source = { registry = "https://pypi.org/simple" }
dependencies = [
    { name = "pycparser" },
]
sdist = { url = "https://files.pythonhosted.org/packages/fc/97/c783634659c2920c3fc70419e3af40972dbaf758daa229a7d6ea6135c90d/cffi-1.17.1.tar.gz", hash = "sha256:1c39c6016c32bc48dd54561950ebd6836e1670f2ae46128f67cf49e789c52824", size = 516621 }
wheels = [
    { url = "https://files.pythonhosted.org/packages/5a/84/e94227139ee5fb4d600a7a4927f322e1d4aea6fdc50bd3fca8493caba23f/cffi-1.17.1-cp312-cp312-macosx_10_9_x86_64.whl", hash = "sha256:805b4371bf7197c329fcb3ead37e710d1bca9da5d583f5073b799d5c5bd1eee4", size = 183178 },
    { url = "https://files.pythonhosted.org/packages/da/ee/fb72c2b48656111c4ef27f0f91da355e130a923473bf5ee75c5643d00cca/cffi-1.17.1-cp312-cp312-macosx_11_0_arm64.whl", hash = "sha256:733e99bc2df47476e3848417c5a4540522f234dfd4ef3ab7fafdf555b082ec0c", size = 178840 },
    { url = "https://files.pythonhosted.org/packages/cc/b6/db007700f67d151abadf508cbfd6a1884f57eab90b1bb985c4c8c02b0f28/cffi-1.17.1-cp312-cp312-manylinux_2_12_i686.manylinux2010_i686.manylinux_2_17_i686.manylinux2014_i686.whl", hash = "sha256:1257bdabf294dceb59f5e70c64a3e2f462c30c7ad68092d01bbbfb1c16b1ba36", size = 454803 },
    { url = "https://files.pythonhosted.org/packages/1a/df/f8d151540d8c200eb1c6fba8cd0dfd40904f1b0682ea705c36e6c2e97ab3/cffi-1.17.1-cp312-cp312-manylinux_2_17_aarch64.manylinux2014_aarch64.whl", hash = "sha256:da95af8214998d77a98cc14e3a3bd00aa191526343078b530ceb0bd710fb48a5", size = 478850 },
    { url = "https://files.pythonhosted.org/packages/28/c0/b31116332a547fd2677ae5b78a2ef662dfc8023d67f41b2a83f7c2aa78b1/cffi-1.17.1-cp312-cp312-manylinux_2_17_ppc64le.manylinux2014_ppc64le.whl", hash = "sha256:d63afe322132c194cf832bfec0dc69a99fb9bb6bbd550f161a49e9e855cc78ff", size = 485729 },
    { url = "https://files.pythonhosted.org/packages/91/2b/9a1ddfa5c7f13cab007a2c9cc295b70fbbda7cb10a286aa6810338e60ea1/cffi-1.17.1-cp312-cp312-manylinux_2_17_s390x.manylinux2014_s390x.whl", hash = "sha256:f79fc4fc25f1c8698ff97788206bb3c2598949bfe0fef03d299eb1b5356ada99", size = 471256 },
    { url = "https://files.pythonhosted.org/packages/b2/d5/da47df7004cb17e4955df6a43d14b3b4ae77737dff8bf7f8f333196717bf/cffi-1.17.1-cp312-cp312-manylinux_2_17_x86_64.manylinux2014_x86_64.whl", hash = "sha256:b62ce867176a75d03a665bad002af8e6d54644fad99a3c70905c543130e39d93", size = 479424 },
    { url = "https://files.pythonhosted.org/packages/0b/ac/2a28bcf513e93a219c8a4e8e125534f4f6db03e3179ba1c45e949b76212c/cffi-1.17.1-cp312-cp312-musllinux_1_1_aarch64.whl", hash = "sha256:386c8bf53c502fff58903061338ce4f4950cbdcb23e2902d86c0f722b786bbe3", size = 484568 },
    { url = "https://files.pythonhosted.org/packages/d4/38/ca8a4f639065f14ae0f1d9751e70447a261f1a30fa7547a828ae08142465/cffi-1.17.1-cp312-cp312-musllinux_1_1_x86_64.whl", hash = "sha256:4ceb10419a9adf4460ea14cfd6bc43d08701f0835e979bf821052f1805850fe8", size = 488736 },
    { url = "https://files.pythonhosted.org/packages/86/c5/28b2d6f799ec0bdecf44dced2ec5ed43e0eb63097b0f58c293583b406582/cffi-1.17.1-cp312-cp312-win32.whl", hash = "sha256:a08d7e755f8ed21095a310a693525137cfe756ce62d066e53f502a83dc550f65", size = 172448 },
    { url = "https://files.pythonhosted.org/packages/50/b9/db34c4755a7bd1cb2d1603ac3863f22bcecbd1ba29e5ee841a4bc510b294/cffi-1.17.1-cp312-cp312-win_amd64.whl", hash = "sha256:51392eae71afec0d0c8fb1a53b204dbb3bcabcb3c9b807eedf3e1e6ccf2de903", size = 181976 },
    { url = "https://files.pythonhosted.org/packages/8d/f8/dd6c246b148639254dad4d6803eb6a54e8c85c6e11ec9df2cffa87571dbe/cffi-1.17.1-cp313-cp313-macosx_10_13_x86_64.whl", hash = "sha256:f3a2b4222ce6b60e2e8b337bb9596923045681d71e5a082783484d845390938e", size = 182989 },
    { url = "https://files.pythonhosted.org/packages/8b/f1/672d303ddf17c24fc83afd712316fda78dc6fce1cd53011b839483e1ecc8/cffi-1.17.1-cp313-cp313-macosx_11_0_arm64.whl", hash = "sha256:0984a4925a435b1da406122d4d7968dd861c1385afe3b45ba82b750f229811e2", size = 178802 },
    { url = "https://files.pythonhosted.org/packages/0e/2d/eab2e858a91fdff70533cab61dcff4a1f55ec60425832ddfdc9cd36bc8af/cffi-1.17.1-cp313-cp313-manylinux_2_12_i686.manylinux2010_i686.manylinux_2_17_i686.manylinux2014_i686.whl", hash = "sha256:d01b12eeeb4427d3110de311e1774046ad344f5b1a7403101878976ecd7a10f3", size = 454792 },
    { url = "https://files.pythonhosted.org/packages/75/b2/fbaec7c4455c604e29388d55599b99ebcc250a60050610fadde58932b7ee/cffi-1.17.1-cp313-cp313-manylinux_2_17_aarch64.manylinux2014_aarch64.whl", hash = "sha256:706510fe141c86a69c8ddc029c7910003a17353970cff3b904ff0686a5927683", size = 478893 },
    { url = "https://files.pythonhosted.org/packages/4f/b7/6e4a2162178bf1935c336d4da8a9352cccab4d3a5d7914065490f08c0690/cffi-1.17.1-cp313-cp313-manylinux_2_17_ppc64le.manylinux2014_ppc64le.whl", hash = "sha256:de55b766c7aa2e2a3092c51e0483d700341182f08e67c63630d5b6f200bb28e5", size = 485810 },
    { url = "https://files.pythonhosted.org/packages/c7/8a/1d0e4a9c26e54746dc08c2c6c037889124d4f59dffd853a659fa545f1b40/cffi-1.17.1-cp313-cp313-manylinux_2_17_s390x.manylinux2014_s390x.whl", hash = "sha256:c59d6e989d07460165cc5ad3c61f9fd8f1b4796eacbd81cee78957842b834af4", size = 471200 },
    { url = "https://files.pythonhosted.org/packages/26/9f/1aab65a6c0db35f43c4d1b4f580e8df53914310afc10ae0397d29d697af4/cffi-1.17.1-cp313-cp313-manylinux_2_17_x86_64.manylinux2014_x86_64.whl", hash = "sha256:dd398dbc6773384a17fe0d3e7eeb8d1a21c2200473ee6806bb5e6a8e62bb73dd", size = 479447 },
    { url = "https://files.pythonhosted.org/packages/5f/e4/fb8b3dd8dc0e98edf1135ff067ae070bb32ef9d509d6cb0f538cd6f7483f/cffi-1.17.1-cp313-cp313-musllinux_1_1_aarch64.whl", hash = "sha256:3edc8d958eb099c634dace3c7e16560ae474aa3803a5df240542b305d14e14ed", size = 484358 },
    { url = "https://files.pythonhosted.org/packages/f1/47/d7145bf2dc04684935d57d67dff9d6d795b2ba2796806bb109864be3a151/cffi-1.17.1-cp313-cp313-musllinux_1_1_x86_64.whl", hash = "sha256:72e72408cad3d5419375fc87d289076ee319835bdfa2caad331e377589aebba9", size = 488469 },
    { url = "https://files.pythonhosted.org/packages/bf/ee/f94057fa6426481d663b88637a9a10e859e492c73d0384514a17d78ee205/cffi-1.17.1-cp313-cp313-win32.whl", hash = "sha256:e03eab0a8677fa80d646b5ddece1cbeaf556c313dcfac435ba11f107ba117b5d", size = 172475 },
    { url = "https://files.pythonhosted.org/packages/7c/fc/6a8cb64e5f0324877d503c854da15d76c1e50eb722e320b15345c4d0c6de/cffi-1.17.1-cp313-cp313-win_amd64.whl", hash = "sha256:f6a16c31041f09ead72d69f583767292f750d24913dadacf5756b966aacb3f1a", size = 182009 },
]

[[package]]
name = "click"
version = "8.2.1"
source = { registry = "https://pypi.org/simple" }
dependencies = [
    { name = "colorama", marker = "sys_platform == 'win32'" },
]
sdist = { url = "https://files.pythonhosted.org/packages/60/6c/8ca2efa64cf75a977a0d7fac081354553ebe483345c734fb6b6515d96bbc/click-8.2.1.tar.gz", hash = "sha256:27c491cc05d968d271d5a1db13e3b5a184636d9d930f148c50b038f0d0646202", size = 286342 }
wheels = [
    { url = "https://files.pythonhosted.org/packages/85/32/10bb5764d90a8eee674e9dc6f4db6a0ab47c8c4d0d83c27f7c39ac415a4d/click-8.2.1-py3-none-any.whl", hash = "sha256:61a3265b914e850b85317d0b3109c7f8cd35a670f963866005d6ef1d5175a12b", size = 102215 },
]

[[package]]
name = "colorama"
version = "0.4.6"
source = { registry = "https://pypi.org/simple" }
sdist = { url = "https://files.pythonhosted.org/packages/d8/53/6f443c9a4a8358a93a6792e2acffb9d9d5cb0a5cfd8802644b7b1c9a02e4/colorama-0.4.6.tar.gz", hash = "sha256:08695f5cb7ed6e0531a20572697297273c47b8cae5a63ffc6d6ed5c201be6e44", size = 27697 }
wheels = [
    { url = "https://files.pythonhosted.org/packages/d1/d6/3965ed04c63042e047cb6a3e6ed1a63a35087b6a609aa3a15ed8ac56c221/colorama-0.4.6-py2.py3-none-any.whl", hash = "sha256:4f1d9991f5acc0ca119f9d443620b77f9d6b33703e51011c16baf57afb285fc6", size = 25335 },
]

[[package]]
name = "cryptography"
version = "45.0.6"
source = { registry = "https://pypi.org/simple" }
dependencies = [
    { name = "cffi", marker = "platform_python_implementation != 'PyPy'" },
]
sdist = { url = "https://files.pythonhosted.org/packages/d6/0d/d13399c94234ee8f3df384819dc67e0c5ce215fb751d567a55a1f4b028c7/cryptography-45.0.6.tar.gz", hash = "sha256:5c966c732cf6e4a276ce83b6e4c729edda2df6929083a952cc7da973c539c719", size = 744949 }
wheels = [
    { url = "https://files.pythonhosted.org/packages/8c/29/2793d178d0eda1ca4a09a7c4e09a5185e75738cc6d526433e8663b460ea6/cryptography-45.0.6-cp311-abi3-macosx_10_9_universal2.whl", hash = "sha256:048e7ad9e08cf4c0ab07ff7f36cc3115924e22e2266e034450a890d9e312dd74", size = 7042702 },
    { url = "https://files.pythonhosted.org/packages/b3/b6/cabd07410f222f32c8d55486c464f432808abaa1f12af9afcbe8f2f19030/cryptography-45.0.6-cp311-abi3-manylinux2014_aarch64.manylinux_2_17_aarch64.whl", hash = "sha256:44647c5d796f5fc042bbc6d61307d04bf29bccb74d188f18051b635f20a9c75f", size = 4206483 },
    { url = "https://files.pythonhosted.org/packages/8b/9e/f9c7d36a38b1cfeb1cc74849aabe9bf817990f7603ff6eb485e0d70e0b27/cryptography-45.0.6-cp311-abi3-manylinux2014_x86_64.manylinux_2_17_x86_64.whl", hash = "sha256:e40b80ecf35ec265c452eea0ba94c9587ca763e739b8e559c128d23bff7ebbbf", size = 4429679 },
    { url = "https://files.pythonhosted.org/packages/9c/2a/4434c17eb32ef30b254b9e8b9830cee4e516f08b47fdd291c5b1255b8101/cryptography-45.0.6-cp311-abi3-manylinux_2_28_aarch64.whl", hash = "sha256:00e8724bdad672d75e6f069b27970883179bd472cd24a63f6e620ca7e41cc0c5", size = 4210553 },
    { url = "https://files.pythonhosted.org/packages/ef/1d/09a5df8e0c4b7970f5d1f3aff1b640df6d4be28a64cae970d56c6cf1c772/cryptography-45.0.6-cp311-abi3-manylinux_2_28_armv7l.manylinux_2_31_armv7l.whl", hash = "sha256:7a3085d1b319d35296176af31c90338eeb2ddac8104661df79f80e1d9787b8b2", size = 3894499 },
    { url = "https://files.pythonhosted.org/packages/79/62/120842ab20d9150a9d3a6bdc07fe2870384e82f5266d41c53b08a3a96b34/cryptography-45.0.6-cp311-abi3-manylinux_2_28_x86_64.whl", hash = "sha256:1b7fa6a1c1188c7ee32e47590d16a5a0646270921f8020efc9a511648e1b2e08", size = 4458484 },
    { url = "https://files.pythonhosted.org/packages/fd/80/1bc3634d45ddfed0871bfba52cf8f1ad724761662a0c792b97a951fb1b30/cryptography-45.0.6-cp311-abi3-manylinux_2_34_aarch64.whl", hash = "sha256:275ba5cc0d9e320cd70f8e7b96d9e59903c815ca579ab96c1e37278d231fc402", size = 4210281 },
    { url = "https://files.pythonhosted.org/packages/7d/fe/ffb12c2d83d0ee625f124880a1f023b5878f79da92e64c37962bbbe35f3f/cryptography-45.0.6-cp311-abi3-manylinux_2_34_x86_64.whl", hash = "sha256:f4028f29a9f38a2025abedb2e409973709c660d44319c61762202206ed577c42", size = 4456890 },
    { url = "https://files.pythonhosted.org/packages/8c/8e/b3f3fe0dc82c77a0deb5f493b23311e09193f2268b77196ec0f7a36e3f3e/cryptography-45.0.6-cp311-abi3-musllinux_1_2_aarch64.whl", hash = "sha256:ee411a1b977f40bd075392c80c10b58025ee5c6b47a822a33c1198598a7a5f05", size = 4333247 },
    { url = "https://files.pythonhosted.org/packages/b3/a6/c3ef2ab9e334da27a1d7b56af4a2417d77e7806b2e0f90d6267ce120d2e4/cryptography-45.0.6-cp311-abi3-musllinux_1_2_x86_64.whl", hash = "sha256:e2a21a8eda2d86bb604934b6b37691585bd095c1f788530c1fcefc53a82b3453", size = 4565045 },
    { url = "https://files.pythonhosted.org/packages/31/c3/77722446b13fa71dddd820a5faab4ce6db49e7e0bf8312ef4192a3f78e2f/cryptography-45.0.6-cp311-abi3-win32.whl", hash = "sha256:d063341378d7ee9c91f9d23b431a3502fc8bfacd54ef0a27baa72a0843b29159", size = 2928923 },
    { url = "https://files.pythonhosted.org/packages/38/63/a025c3225188a811b82932a4dcc8457a26c3729d81578ccecbcce2cb784e/cryptography-45.0.6-cp311-abi3-win_amd64.whl", hash = "sha256:833dc32dfc1e39b7376a87b9a6a4288a10aae234631268486558920029b086ec", size = 3403805 },
    { url = "https://files.pythonhosted.org/packages/5b/af/bcfbea93a30809f126d51c074ee0fac5bd9d57d068edf56c2a73abedbea4/cryptography-45.0.6-cp37-abi3-macosx_10_9_universal2.whl", hash = "sha256:3436128a60a5e5490603ab2adbabc8763613f638513ffa7d311c900a8349a2a0", size = 7020111 },
    { url = "https://files.pythonhosted.org/packages/98/c6/ea5173689e014f1a8470899cd5beeb358e22bb3cf5a876060f9d1ca78af4/cryptography-45.0.6-cp37-abi3-manylinux2014_aarch64.manylinux_2_17_aarch64.whl", hash = "sha256:0d9ef57b6768d9fa58e92f4947cea96ade1233c0e236db22ba44748ffedca394", size = 4198169 },
    { url = "https://files.pythonhosted.org/packages/ba/73/b12995edc0c7e2311ffb57ebd3b351f6b268fed37d93bfc6f9856e01c473/cryptography-45.0.6-cp37-abi3-manylinux2014_x86_64.manylinux_2_17_x86_64.whl", hash = "sha256:ea3c42f2016a5bbf71825537c2ad753f2870191134933196bee408aac397b3d9", size = 4421273 },
    { url = "https://files.pythonhosted.org/packages/f7/6e/286894f6f71926bc0da67408c853dd9ba953f662dcb70993a59fd499f111/cryptography-45.0.6-cp37-abi3-manylinux_2_28_aarch64.whl", hash = "sha256:20ae4906a13716139d6d762ceb3e0e7e110f7955f3bc3876e3a07f5daadec5f3", size = 4199211 },
    { url = "https://files.pythonhosted.org/packages/de/34/a7f55e39b9623c5cb571d77a6a90387fe557908ffc44f6872f26ca8ae270/cryptography-45.0.6-cp37-abi3-manylinux_2_28_armv7l.manylinux_2_31_armv7l.whl", hash = "sha256:2dac5ec199038b8e131365e2324c03d20e97fe214af051d20c49db129844e8b3", size = 3883732 },
    { url = "https://files.pythonhosted.org/packages/f9/b9/c6d32edbcba0cd9f5df90f29ed46a65c4631c4fbe11187feb9169c6ff506/cryptography-45.0.6-cp37-abi3-manylinux_2_28_x86_64.whl", hash = "sha256:18f878a34b90d688982e43f4b700408b478102dd58b3e39de21b5ebf6509c301", size = 4450655 },
    { url = "https://files.pythonhosted.org/packages/77/2d/09b097adfdee0227cfd4c699b3375a842080f065bab9014248933497c3f9/cryptography-45.0.6-cp37-abi3-manylinux_2_34_aarch64.whl", hash = "sha256:5bd6020c80c5b2b2242d6c48487d7b85700f5e0038e67b29d706f98440d66eb5", size = 4198956 },
    { url = "https://files.pythonhosted.org/packages/55/66/061ec6689207d54effdff535bbdf85cc380d32dd5377173085812565cf38/cryptography-45.0.6-cp37-abi3-manylinux_2_34_x86_64.whl", hash = "sha256:eccddbd986e43014263eda489abbddfbc287af5cddfd690477993dbb31e31016", size = 4449859 },
    { url = "https://files.pythonhosted.org/packages/41/ff/e7d5a2ad2d035e5a2af116e1a3adb4d8fcd0be92a18032917a089c6e5028/cryptography-45.0.6-cp37-abi3-musllinux_1_2_aarch64.whl", hash = "sha256:550ae02148206beb722cfe4ef0933f9352bab26b087af00e48fdfb9ade35c5b3", size = 4320254 },
    { url = "https://files.pythonhosted.org/packages/82/27/092d311af22095d288f4db89fcaebadfb2f28944f3d790a4cf51fe5ddaeb/cryptography-45.0.6-cp37-abi3-musllinux_1_2_x86_64.whl", hash = "sha256:5b64e668fc3528e77efa51ca70fadcd6610e8ab231e3e06ae2bab3b31c2b8ed9", size = 4554815 },
    { url = "https://files.pythonhosted.org/packages/7e/01/aa2f4940262d588a8fdf4edabe4cda45854d00ebc6eaac12568b3a491a16/cryptography-45.0.6-cp37-abi3-win32.whl", hash = "sha256:780c40fb751c7d2b0c6786ceee6b6f871e86e8718a8ff4bc35073ac353c7cd02", size = 2912147 },
    { url = "https://files.pythonhosted.org/packages/0a/bc/16e0276078c2de3ceef6b5a34b965f4436215efac45313df90d55f0ba2d2/cryptography-45.0.6-cp37-abi3-win_amd64.whl", hash = "sha256:20d15aed3ee522faac1a39fbfdfee25d17b1284bafd808e1640a74846d7c4d1b", size = 3390459 },
]

[[package]]
name = "esptool"
version = "5.0.2"
source = { registry = "https://pypi.org/simple" }
dependencies = [
    { name = "bitstring" },
    { name = "click" },
    { name = "cryptography" },
    { name = "intelhex" },
    { name = "pyserial" },
    { name = "pyyaml" },
    { name = "reedsolo" },
    { name = "rich-click" },
]
sdist = { url = "https://files.pythonhosted.org/packages/6c/d1/92d407cffc2d7d0113ba965a1b79bf80c1ccfdb9f86495e31de07669472f/esptool-5.0.2.tar.gz", hash = "sha256:05cc4732eb2a9a7766c9e3531f7943d76ff0ca06dc9cd308d1d3d0b72f74aac2", size = 374670 }

[[package]]
name = "intelhex"
version = "2.3.0"
source = { registry = "https://pypi.org/simple" }
sdist = { url = "https://files.pythonhosted.org/packages/66/37/1e7522494557d342a24cb236e2aec5d078fac8ed03ad4b61372586406b01/intelhex-2.3.0.tar.gz", hash = "sha256:892b7361a719f4945237da8ccf754e9513db32f5628852785aea108dcd250093", size = 44513 }
wheels = [
    { url = "https://files.pythonhosted.org/packages/97/78/79461288da2b13ed0a13deb65c4ad1428acb674b95278fa9abf1cefe62a2/intelhex-2.3.0-py2.py3-none-any.whl", hash = "sha256:87cc5225657524ec6361354be928adfd56bcf2a3dcc646c40f8f094c39c07db4", size = 50914 },
]

[[package]]
name = "markdown-it-py"
version = "4.0.0"
source = { registry = "https://pypi.org/simple" }
dependencies = [
    { name = "mdurl" },
]
sdist = { url = "https://files.pythonhosted.org/packages/5b/f5/4ec618ed16cc4f8fb3b701563655a69816155e79e24a17b651541804721d/markdown_it_py-4.0.0.tar.gz", hash = "sha256:cb0a2b4aa34f932c007117b194e945bd74e0ec24133ceb5bac59009cda1cb9f3", size = 73070 }
wheels = [
    { url = "https://files.pythonhosted.org/packages/94/54/e7d793b573f298e1c9013b8c4dade17d481164aa517d1d7148619c2cedbf/markdown_it_py-4.0.0-py3-none-any.whl", hash = "sha256:87327c59b172c5011896038353a81343b6754500a08cd7a4973bb48c6d578147", size = 87321 },
]

[[package]]
name = "mdurl"
version = "0.1.2"
source = { registry = "https://pypi.org/simple" }
sdist = { url = "https://files.pythonhosted.org/packages/d6/54/cfe61301667036ec958cb99bd3efefba235e65cdeb9c84d24a8293ba1d90/mdurl-0.1.2.tar.gz", hash = "sha256:bb413d29f5eea38f31dd4754dd7377d4465116fb207585f97bf925588687c1ba", size = 8729 }
wheels = [
    { url = "https://files.pythonhosted.org/packages/b3/38/89ba8ad64ae25be8de66a6d463314cf1eb366222074cfda9ee839c56a4b4/mdurl-0.1.2-py3-none-any.whl", hash = "sha256:84008a41e51615a49fc9966191ff91509e3c40b939176e643fd50a5c2196b8f8", size = 9979 },
]

[[package]]
name = "projectsimpleamazinghand"
version = "0.1.0"
source = { virtual = "." }
dependencies = [
    { name = "esptool" },
]

[package.metadata]
requires-dist = [{ name = "esptool", specifier = ">=5.0.2" }]

[[package]]
name = "pycparser"
version = "2.22"
source = { registry = "https://pypi.org/simple" }
sdist = { url = "https://files.pythonhosted.org/packages/1d/b2/31537cf4b1ca988837256c910a668b553fceb8f069bedc4b1c826024b52c/pycparser-2.22.tar.gz", hash = "sha256:491c8be9c040f5390f5bf44a5b07752bd07f56edf992381b05c701439eec10f6", size = 172736 }
wheels = [
    { url = "https://files.pythonhosted.org/packages/13/a3/a812df4e2dd5696d1f351d58b8fe16a405b234ad2886a0dab9183fb78109/pycparser-2.22-py3-none-any.whl", hash = "sha256:c3702b6d3dd8c7abc1afa565d7e63d53a1d0bd86cdc24edd75470f4de499cfcc", size = 117552 },
]

[[package]]
name = "pygments"
version = "2.19.2"
source = { registry = "https://pypi.org/simple" }
sdist = { url = "https://files.pythonhosted.org/packages/b0/77/a5b8c569bf593b0140bde72ea885a803b82086995367bf2037de0159d924/pygments-2.19.2.tar.gz", hash = "sha256:636cb2477cec7f8952536970bc533bc43743542f70392ae026374600add5b887", size = 4968631 }
wheels = [
    { url = "https://files.pythonhosted.org/packages/c7/21/705964c7812476f378728bdf590ca4b771ec72385c533964653c68e86bdc/pygments-2.19.2-py3-none-any.whl", hash = "sha256:86540386c03d588bb81d44bc3928634ff26449851e99741617ecb9037ee5ec0b", size = 1225217 },
]

[[package]]
name = "pyserial"
version = "3.5"
source = { registry = "https://pypi.org/simple" }
sdist = { url = "https://files.pythonhosted.org/packages/1e/7d/ae3f0a63f41e4d2f6cb66a5b57197850f919f59e558159a4dd3a818f5082/pyserial-3.5.tar.gz", hash = "sha256:3c77e014170dfffbd816e6ffc205e9842efb10be9f58ec16d3e8675b4925cddb", size = 159125 }
wheels = [
    { url = "https://files.pythonhosted.org/packages/07/bc/587a445451b253b285629263eb51c2d8e9bcea4fc97826266d186f96f558/pyserial-3.5-py2.py3-none-any.whl", hash = "sha256:c4451db6ba391ca6ca299fb3ec7bae67a5c55dde170964c7a14ceefec02f2cf0", size = 90585 },
]

[[package]]
name = "pyyaml"
version = "6.0.2"
source = { registry = "https://pypi.org/simple" }
sdist = { url = "https://files.pythonhosted.org/packages/54/ed/79a089b6be93607fa5cdaedf301d7dfb23af5f25c398d5ead2525b063e17/pyyaml-6.0.2.tar.gz", hash = "sha256:d584d9ec91ad65861cc08d42e834324ef890a082e591037abe114850ff7bbc3e", size = 130631 }
wheels = [
    { url = "https://files.pythonhosted.org/packages/86/0c/c581167fc46d6d6d7ddcfb8c843a4de25bdd27e4466938109ca68492292c/PyYAML-6.0.2-cp312-cp312-macosx_10_9_x86_64.whl", hash = "sha256:c70c95198c015b85feafc136515252a261a84561b7b1d51e3384e0655ddf25ab", size = 183873 },
    { url = "https://files.pythonhosted.org/packages/a8/0c/38374f5bb272c051e2a69281d71cba6fdb983413e6758b84482905e29a5d/PyYAML-6.0.2-cp312-cp312-macosx_11_0_arm64.whl", hash = "sha256:ce826d6ef20b1bc864f0a68340c8b3287705cae2f8b4b1d932177dcc76721725", size = 173302 },
    { url = "https://files.pythonhosted.org/packages/c3/93/9916574aa8c00aa06bbac729972eb1071d002b8e158bd0e83a3b9a20a1f7/PyYAML-6.0.2-cp312-cp312-manylinux_2_17_aarch64.manylinux2014_aarch64.whl", hash = "sha256:1f71ea527786de97d1a0cc0eacd1defc0985dcf6b3f17bb77dcfc8c34bec4dc5", size = 739154 },
    { url = "https://files.pythonhosted.org/packages/95/0f/b8938f1cbd09739c6da569d172531567dbcc9789e0029aa070856f123984/PyYAML-6.0.2-cp312-cp312-manylinux_2_17_s390x.manylinux2014_s390x.whl", hash = "sha256:9b22676e8097e9e22e36d6b7bda33190d0d400f345f23d4065d48f4ca7ae0425", size = 766223 },
    { url = "https://files.pythonhosted.org/packages/b9/2b/614b4752f2e127db5cc206abc23a8c19678e92b23c3db30fc86ab731d3bd/PyYAML-6.0.2-cp312-cp312-manylinux_2_17_x86_64.manylinux2014_x86_64.whl", hash = "sha256:80bab7bfc629882493af4aa31a4cfa43a4c57c83813253626916b8c7ada83476", size = 767542 },
    { url = "https://files.pythonhosted.org/packages/d4/00/dd137d5bcc7efea1836d6264f049359861cf548469d18da90cd8216cf05f/PyYAML-6.0.2-cp312-cp312-musllinux_1_1_aarch64.whl", hash = "sha256:0833f8694549e586547b576dcfaba4a6b55b9e96098b36cdc7ebefe667dfed48", size = 731164 },
    { url = "https://files.pythonhosted.org/packages/c9/1f/4f998c900485e5c0ef43838363ba4a9723ac0ad73a9dc42068b12aaba4e4/PyYAML-6.0.2-cp312-cp312-musllinux_1_1_x86_64.whl", hash = "sha256:8b9c7197f7cb2738065c481a0461e50ad02f18c78cd75775628afb4d7137fb3b", size = 756611 },
    { url = "https://files.pythonhosted.org/packages/df/d1/f5a275fdb252768b7a11ec63585bc38d0e87c9e05668a139fea92b80634c/PyYAML-6.0.2-cp312-cp312-win32.whl", hash = "sha256:ef6107725bd54b262d6dedcc2af448a266975032bc85ef0172c5f059da6325b4", size = 140591 },
    { url = "https://files.pythonhosted.org/packages/0c/e8/4f648c598b17c3d06e8753d7d13d57542b30d56e6c2dedf9c331ae56312e/PyYAML-6.0.2-cp312-cp312-win_amd64.whl", hash = "sha256:7e7401d0de89a9a855c839bc697c079a4af81cf878373abd7dc625847d25cbd8", size = 156338 },
    { url = "https://files.pythonhosted.org/packages/ef/e3/3af305b830494fa85d95f6d95ef7fa73f2ee1cc8ef5b495c7c3269fb835f/PyYAML-6.0.2-cp313-cp313-macosx_10_13_x86_64.whl", hash = "sha256:efdca5630322a10774e8e98e1af481aad470dd62c3170801852d752aa7a783ba", size = 181309 },
    { url = "https://files.pythonhosted.org/packages/45/9f/3b1c20a0b7a3200524eb0076cc027a970d320bd3a6592873c85c92a08731/PyYAML-6.0.2-cp313-cp313-macosx_11_0_arm64.whl", hash = "sha256:50187695423ffe49e2deacb8cd10510bc361faac997de9efef88badc3bb9e2d1", size = 171679 },
    { url = "https://files.pythonhosted.org/packages/7c/9a/337322f27005c33bcb656c655fa78325b730324c78620e8328ae28b64d0c/PyYAML-6.0.2-cp313-cp313-manylinux_2_17_aarch64.manylinux2014_aarch64.whl", hash = "sha256:0ffe8360bab4910ef1b9e87fb812d8bc0a308b0d0eef8c8f44e0254ab3b07133", size = 733428 },
    { url = "https://files.pythonhosted.org/packages/a3/69/864fbe19e6c18ea3cc196cbe5d392175b4cf3d5d0ac1403ec3f2d237ebb5/PyYAML-6.0.2-cp313-cp313-manylinux_2_17_s390x.manylinux2014_s390x.whl", hash = "sha256:17e311b6c678207928d649faa7cb0d7b4c26a0ba73d41e99c4fff6b6c3276484", size = 763361 },
    { url = "https://files.pythonhosted.org/packages/04/24/b7721e4845c2f162d26f50521b825fb061bc0a5afcf9a386840f23ea19fa/PyYAML-6.0.2-cp313-cp313-manylinux_2_17_x86_64.manylinux2014_x86_64.whl", hash = "sha256:70b189594dbe54f75ab3a1acec5f1e3faa7e8cf2f1e08d9b561cb41b845f69d5", size = 759523 },
    { url = "https://files.pythonhosted.org/packages/2b/b2/e3234f59ba06559c6ff63c4e10baea10e5e7df868092bf9ab40e5b9c56b6/PyYAML-6.0.2-cp313-cp313-musllinux_1_1_aarch64.whl", hash = "sha256:41e4e3953a79407c794916fa277a82531dd93aad34e29c2a514c2c0c5fe971cc", size = 726660 },
    { url = "https://files.pythonhosted.org/packages/fe/0f/25911a9f080464c59fab9027482f822b86bf0608957a5fcc6eaac85aa515/PyYAML-6.0.2-cp313-cp313-musllinux_1_1_x86_64.whl", hash = "sha256:68ccc6023a3400877818152ad9a1033e3db8625d899c72eacb5a668902e4d652", size = 751597 },
    { url = "https://files.pythonhosted.org/packages/14/0d/e2c3b43bbce3cf6bd97c840b46088a3031085179e596d4929729d8d68270/PyYAML-6.0.2-cp313-cp313-win32.whl", hash = "sha256:bc2fa7c6b47d6bc618dd7fb02ef6fdedb1090ec036abab80d4681424b84c1183", size = 140527 },
    { url = "https://files.pythonhosted.org/packages/fa/de/02b54f42487e3d3c6efb3f89428677074ca7bf43aae402517bc7cca949f3/PyYAML-6.0.2-cp313-cp313-win_amd64.whl", hash = "sha256:8388ee1976c416731879ac16da0aff3f63b286ffdd57cdeb95f3f2e085687563", size = 156446 },
]

[[package]]
name = "reedsolo"
version = "1.7.0"
source = { registry = "https://pypi.org/simple" }
sdist = { url = "https://files.pythonhosted.org/packages/f7/61/a67338cbecf370d464e71b10e9a31355f909d6937c3a8d6b17dd5d5beb5e/reedsolo-1.7.0.tar.gz", hash = "sha256:c1359f02742751afe0f1c0de9f0772cc113835aa2855d2db420ea24393c87732", size = 59723 }
wheels = [
    { url = "https://files.pythonhosted.org/packages/09/19/1bb346c0e581557c88946d2bb979b2bee8992e72314cfb418b5440e383db/reedsolo-1.7.0-py3-none-any.whl", hash = "sha256:2b6a3e402a1ee3e1eea3f932f81e6c0b7bbc615588074dca1dbbcdeb055002bd", size = 32360 },
]

[[package]]
name = "rich"
version = "14.1.0"
source = { registry = "https://pypi.org/simple" }
dependencies = [
    { name = "markdown-it-py" },
    { name = "pygments" },
]
sdist = { url = "https://files.pythonhosted.org/packages/fe/75/af448d8e52bf1d8fa6a9d089ca6c07ff4453d86c65c145d0a300bb073b9b/rich-14.1.0.tar.gz", hash = "sha256:e497a48b844b0320d45007cdebfeaeed8db2a4f4bcf49f15e455cfc4af11eaa8", size = 224441 }
wheels = [
    { url = "https://files.pythonhosted.org/packages/e3/30/3c4d035596d3cf444529e0b2953ad0466f6049528a879d27534700580395/rich-14.1.0-py3-none-any.whl", hash = "sha256:536f5f1785986d6dbdea3c75205c473f970777b4a0d6c6dd1b696aa05a3fa04f", size = 243368 },
]

[[package]]
name = "rich-click"
version = "1.8.9"
source = { registry = "https://pypi.org/simple" }
dependencies = [
    { name = "click" },
    { name = "rich" },
    { name = "typing-extensions" },
]
sdist = { url = "https://files.pythonhosted.org/packages/b7/a8/dcc0a8ec9e91d76ecad9413a84b6d3a3310c6111cfe012d75ed385c78d96/rich_click-1.8.9.tar.gz", hash = "sha256:fd98c0ab9ddc1cf9c0b7463f68daf28b4d0033a74214ceb02f761b3ff2af3136", size = 39378 }
wheels = [
    { url = "https://files.pythonhosted.org/packages/b6/c2/9fce4c8a9587c4e90500114d742fe8ef0fd92d7bad29d136bb9941add271/rich_click-1.8.9-py3-none-any.whl", hash = "sha256:c3fa81ed8a671a10de65a9e20abf642cfdac6fdb882db1ef465ee33919fbcfe2", size = 36082 },
]

[[package]]
name = "typing-extensions"
version = "4.14.1"
source = { registry = "https://pypi.org/simple" }
sdist = { url = "https://files.pythonhosted.org/packages/98/5a/da40306b885cc8c09109dc2e1abd358d5684b1425678151cdaed4731c822/typing_extensions-4.14.1.tar.gz", hash = "sha256:38b39f4aeeab64884ce9f74c94263ef78f3c22467c8724005483154c26648d36", size = 107673 }
wheels = [
    { url = "https://files.pythonhosted.org/packages/b5/00/d631e67a838026495268c2f6884f3711a15a9a2a96cd244fdaea53b823fb/typing_extensions-4.14.1-py3-none-any.whl", hash = "sha256:d1e1e3b58374dc93031d6eda2420a48ea44a36c2b4766a4fdeb3710755731d76", size = 43906 },
]
